
Microsoft Visual Studio Solution File, Format Version 12.00
# Visual Studio Version 17
VisualStudioVersion = 17.5.33502.453
MinimumVisualStudioVersion = 10.0.40219.1
Project("{FAE04EC0-301F-11D3-BF4B-00C04F79EFBC}") = "Lab02f", "Lab02f\Lab02f.csproj", "{DD6723C7-CB97-482C-8218-F9262DD62483}"
EndProject
Global
	GlobalSection(SolutionConfigurationPlatforms) = preSolution
		Debug|Any CPU = Debug|Any CPU
		Release|Any CPU = Release|Any CPU
	EndGlobalSection
	GlobalSection(ProjectConfigurationPlatforms) = postSolution
		{DD6723C7-CB97-482C-8218-F9262DD62483}.Debug|Any CPU.ActiveCfg = Debug|Any CPU
		{DD6723C7-CB97-482C-8218-F9262DD62483}.Debug|Any CPU.Build.0 = Debug|Any CPU
		{DD6723C7-CB97-482C-8218-F9262DD62483}.Release|Any CPU.ActiveCfg = Release|Any CPU
		{DD6723C7-CB97-482C-8218-F9262DD62483}.Release|Any CPU.Build.0 = Release|Any CPU
	EndGlobalSection
	GlobalSection(SolutionProperties) = preSolution
		HideSolutionNode = FALSE
	EndGlobalSection
	GlobalSection(ExtensibilityGlobals) = postSolution
		SolutionGuid = {5DA5F9E5-F042-471D-85A8-1C5B0F73C891}
	EndGlobalSection
EndGlobal
